
Microsoft Visual Studio Solution File, Format Version 12.00
# Visual Studio 2012
Project("{FAE04EC0-301F-11D3-BF4B-00C04F79EFBC}") = "Palipali.App", "Palipali.App\Palipali.App.csproj", "{D4E63140-40D8-4B72-81D4-CDF9DB12866C}"
EndProject
Project("{FAE04EC0-301F-11D3-BF4B-00C04F79EFBC}") = "Palipali.Test", "Palipali.Test\Palipali.Test.csproj", "{F23A2E36-D0C6-4342-A419-59F31D2F70D6}"
EndProject
Project("{FAE04EC0-301F-11D3-BF4B-00C04F79EFBC}") = "Palipali.CaliburnSample", "Palipali.CaliburnSample\Palipali.CaliburnSample.csproj", "{19EE1593-4DAA-4304-A901-40AA64099656}"
EndProject
Global
	GlobalSection(SolutionConfigurationPlatforms) = preSolution
		Debug|Any CPU = Debug|Any CPU
		Release|Any CPU = Release|Any CPU
	EndGlobalSection
	GlobalSection(ProjectConfigurationPlatforms) = postSolution
		{D4E63140-40D8-4B72-81D4-CDF9DB12866C}.Debug|Any CPU.ActiveCfg = Debug|Any CPU
		{D4E63140-40D8-4B72-81D4-CDF9DB12866C}.Debug|Any CPU.Build.0 = Debug|Any CPU
		{D4E63140-40D8-4B72-81D4-CDF9DB12866C}.Release|Any CPU.ActiveCfg = Release|Any CPU
		{D4E63140-40D8-4B72-81D4-CDF9DB12866C}.Release|Any CPU.Build.0 = Release|Any CPU
		{F23A2E36-D0C6-4342-A419-59F31D2F70D6}.Debug|Any CPU.ActiveCfg = Debug|Any CPU
		{F23A2E36-D0C6-4342-A419-59F31D2F70D6}.Debug|Any CPU.Build.0 = Debug|Any CPU
		{F23A2E36-D0C6-4342-A419-59F31D2F70D6}.Release|Any CPU.ActiveCfg = Release|Any CPU
		{F23A2E36-D0C6-4342-A419-59F31D2F70D6}.Release|Any CPU.Build.0 = Release|Any CPU
		{19EE1593-4DAA-4304-A901-40AA64099656}.Debug|Any CPU.ActiveCfg = Debug|Any CPU
		{19EE1593-4DAA-4304-A901-40AA64099656}.Debug|Any CPU.Build.0 = Debug|Any CPU
		{19EE1593-4DAA-4304-A901-40AA64099656}.Release|Any CPU.ActiveCfg = Release|Any CPU
		{19EE1593-4DAA-4304-A901-40AA64099656}.Release|Any CPU.Build.0 = Release|Any CPU
	EndGlobalSection
	GlobalSection(SolutionProperties) = preSolution
		HideSolutionNode = FALSE
	EndGlobalSection
EndGlobal
